<?xml version="1.0" encoding="utf-8"?>
<Project ToolsVersion="4.0" xmlns="http://schemas.microsoft.com/developer/msbuild/2003">
  <ItemGroup>
    <Filter Include="소스 파일">
      <UniqueIdentifier>{4FC737F1-C7A5-4376-A066-2A32D752A2FF}</UniqueIdentifier>
      <Extensions>cpp;c;cc;cxx;def;odl;idl;hpj;bat;asm;asmx</Extensions>
    </Filter>
    <Filter Include="헤더 파일">
      <UniqueIdentifier>{93995380-89BD-4b04-88EB-625FBE52EBFB}</UniqueIdentifier>
      <Extensions>h;hh;hpp;hxx;hm;inl;inc;ipp;xsd</Extensions>
    </Filter>
    <Filter Include="리소스 파일">
      <UniqueIdentifier>{67DA6AB6-F800-4c08-8B7A-83BB121AAD01}</UniqueIdentifier>
      <Extensions>rc;ico;cur;bmp;dlg;rc2;rct;bin;rgs;gif;jpg;jpeg;jpe;resx;tiff;tif;png;wav;mfcribbon-ms</Extensions>
    </Filter>
    <Filter Include="SystemModule">
      <UniqueIdentifier>{bf2cc307-b182-4dcc-8fa2-a997215d0457}</UniqueIdentifier>
    </Filter>
    <Filter Include="SystemModule\LoggingSystem">
      <UniqueIdentifier>{f4aa6c97-5d20-4a43-8798-be52ac863c1f}</UniqueIdentifier>
    </Filter>
    <Filter Include="SystemModule\MonitoringSystem">
      <UniqueIdentifier>{ea0f2a65-8407-438d-bfbf-fe73b651f518}</UniqueIdentifier>
    </Filter>
    <Filter Include="Util">
      <UniqueIdentifier>{4c0da1b2-df1a-481e-800f-698d8c2ed89a}</UniqueIdentifier>
    </Filter>
    <Filter Include="SystemModule\TimerSystem">
      <UniqueIdentifier>{5a9b3303-f358-4fb1-9088-7f323aa2db55}</UniqueIdentifier>
    </Filter>
    <Filter Include="SystemModule\NetworkSystem">
      <UniqueIdentifier>{62bd4e5b-220e-485c-bd3f-7eab5b962c0b}</UniqueIdentifier>
    </Filter>
    <Filter Include="SystemModule\NetworkSystem\IOCP">
      <UniqueIdentifier>{60f9c95c-9e6b-4281-85ad-21403e93e4f3}</UniqueIdentifier>
    </Filter>
    <Filter Include="SystemModule\NetworkSystem\Packet">
      <UniqueIdentifier>{46a44cd6-8daa-4521-a8d4-f72edc900cfc}</UniqueIdentifier>
    </Filter>
    <Filter Include="SystemModule\NetworkSystem\Session">
      <UniqueIdentifier>{e1dfcdf0-b8f7-46a6-99d7-027b1b952504}</UniqueIdentifier>
    </Filter>
    <Filter Include="SystemModule\NetworkSystem\Session\PakcetParser">
      <UniqueIdentifier>{9711518f-c165-46f8-b932-42736cff6a01}</UniqueIdentifier>
    </Filter>
    <Filter Include="SystemModule\Database">
      <UniqueIdentifier>{313b9c52-42c4-48ec-8092-a912e3287ccc}</UniqueIdentifier>
    </Filter>
    <Filter Include="SystemModule\System">
      <UniqueIdentifier>{dfb9643a-870b-4782-b7da-9130fddc35b7}</UniqueIdentifier>
    </Filter>
    <Filter Include="SystemModule\System\ThreadPool">
      <UniqueIdentifier>{d8dbc8dc-20e4-4bc7-ba2d-8dca89e8fd02}</UniqueIdentifier>
    </Filter>
    <Filter Include="SystemModule\System\MemoryAllocator">
      <UniqueIdentifier>{3dc7965e-9c0f-427a-ac19-ad54e66ed0d0}</UniqueIdentifier>
    </Filter>
    <Filter Include="Singleton">
      <UniqueIdentifier>{6e2dfa0b-313f-4377-b281-c49ef94f8350}</UniqueIdentifier>
    </Filter>
    <Filter Include="Util\XMLParser">
      <UniqueIdentifier>{a452dbe8-f007-4d07-83d4-454f428f4554}</UniqueIdentifier>
    </Filter>
    <Filter Include="Util\MemoryLowFragmentationHeap">
      <UniqueIdentifier>{87e43e7b-6810-46c4-86e5-912ed54925a2}</UniqueIdentifier>
    </Filter>
    <Filter Include="Util\MiniDump">
      <UniqueIdentifier>{4bbbd6e8-2759-42eb-ac7f-f2e21e44b745}</UniqueIdentifier>
    </Filter>
    <Filter Include="Util\SMTPMail">
      <UniqueIdentifier>{ba87156f-f872-4ba1-a6da-03ea4abe7753}</UniqueIdentifier>
    </Filter>
    <Filter Include="Util\WallRandom">
      <UniqueIdentifier>{290de6e3-08e5-4dc6-8452-ba41d85d4087}</UniqueIdentifier>
    </Filter>
    <Filter Include="Util\MemoryLeakChecker">
      <UniqueIdentifier>{12c25e84-bfac-4dd3-8b99-54c29cfb07b3}</UniqueIdentifier>
    </Filter>
    <Filter Include="Util\Lock">
      <UniqueIdentifier>{626f69ea-50b5-4c5f-b06f-27d6978b2125}</UniqueIdentifier>
    </Filter>
    <Filter Include="Util\CSVParser">
      <UniqueIdentifier>{c769285f-481d-4d73-9dbd-0992183f6898}</UniqueIdentifier>
    </Filter>
    <Filter Include="SystemModule\System\Task">
      <UniqueIdentifier>{118f7b93-2869-47c0-82d9-fbae3f9fb94a}</UniqueIdentifier>
    </Filter>
    <Filter Include="SystemModule\System\Contents">
      <UniqueIdentifier>{f7a54cb7-0b09-4c26-a384-f540cd61372b}</UniqueIdentifier>
    </Filter>
    <Filter Include="SystemModule\Database\Query">
      <UniqueIdentifier>{f8eaae97-aede-4006-9e88-91f16d6991c6}</UniqueIdentifier>
    </Filter>
  </ItemGroup>
  <ItemGroup>
    <ClInclude Include="stdafx.h">
      <Filter>헤더 파일</Filter>
    </ClInclude>
    <ClInclude Include="targetver.h">
      <Filter>헤더 파일</Filter>
    </ClInclude>
    <ClInclude Include="resource.h">
      <Filter>헤더 파일</Filter>
    </ClInclude>
    <ClInclude Include="ServerLib.h">
      <Filter>헤더 파일</Filter>
    </ClInclude>
    <ClInclude Include="Allocator.h">
      <Filter>SystemModule\System\MemoryAllocator</Filter>
    </ClInclude>
    <ClInclude Include="PoolAllocator.h">
      <Filter>SystemModule\System\MemoryAllocator</Filter>
    </ClInclude>
    <ClInclude Include="MemoryManager.h">
      <Filter>SystemModule\System\MemoryAllocator</Filter>
    </ClInclude>
    <ClInclude Include="StackAllocator.h">
      <Filter>SystemModule\System\MemoryAllocator</Filter>
    </ClInclude>
    <ClInclude Include="LinearAllocator.h">
      <Filter>SystemModule\System\MemoryAllocator</Filter>
    </ClInclude>
    <ClInclude Include="FreeListAllocator.h">
      <Filter>SystemModule\System\MemoryAllocator</Filter>
    </ClInclude>
    <ClInclude Include="Logger.h">
      <Filter>SystemModule\LoggingSystem</Filter>
    </ClInclude>
    <ClInclude Include="WorkThread.h">
      <Filter>SystemModule\System\ThreadPool</Filter>
    </ClInclude>
    <ClInclude Include="ThreadPoolManager.h">
      <Filter>SystemModule\System\ThreadPool</Filter>
    </ClInclude>
    <ClInclude Include="Work.h">
      <Filter>SystemModule\System\ThreadPool</Filter>
    </ClInclude>
    <ClInclude Include="Monitoring.h">
      <Filter>SystemModule\MonitoringSystem</Filter>
    </ClInclude>
    <ClInclude Include="Singleton.h">
      <Filter>Singleton</Filter>
    </ClInclude>
    <ClInclude Include="Assert.h">
      <Filter>Util</Filter>
    </ClInclude>
    <ClInclude Include="Util.h">
      <Filter>Util</Filter>
    </ClInclude>
    <ClInclude Include="Timer.h">
      <Filter>SystemModule\TimerSystem</Filter>
    </ClInclude>
    <ClInclude Include="IOData.h">
      <Filter>SystemModule\NetworkSystem\IOCP</Filter>
    </ClInclude>
    <ClInclude Include="Packet.h">
      <Filter>SystemModule\NetworkSystem\Packet</Filter>
    </ClInclude>
    <ClInclude Include="RecvStream.h">
      <Filter>SystemModule\NetworkSystem\Packet</Filter>
    </ClInclude>
    <ClInclude Include="SendStream.h">
      <Filter>SystemModule\NetworkSystem\Packet</Filter>
    </ClInclude>
    <ClInclude Include="Stream.h">
      <Filter>SystemModule\NetworkSystem\Packet</Filter>
    </ClInclude>
    <ClInclude Include="Session.h">
      <Filter>SystemModule\NetworkSystem\Session</Filter>
    </ClInclude>
    <ClInclude Include="Network.h">
      <Filter>SystemModule\NetworkSystem\IOCP</Filter>
    </ClInclude>
    <ClInclude Include="ServerNetwork.h">
      <Filter>SystemModule\NetworkSystem\IOCP</Filter>
    </ClInclude>
    <ClInclude Include="ClientSession.h">
      <Filter>SystemModule\NetworkSystem\Session</Filter>
    </ClInclude>
    <ClInclude Include="ClientSessionManager.h">
      <Filter>SystemModule\NetworkSystem\Session</Filter>
    </ClInclude>
    <ClInclude Include="ClientSessionParser.h">
      <Filter>SystemModule\NetworkSystem\Session\PakcetParser</Filter>
    </ClInclude>
    <ClInclude Include="Database.h">
      <Filter>SystemModule\Database</Filter>
    </ClInclude>
    <ClInclude Include="PacketHeader.h">
      <Filter>SystemModule\NetworkSystem\Packet</Filter>
    </ClInclude>
    <ClInclude Include="PacketFactory.h">
      <Filter>SystemModule\NetworkSystem\Packet</Filter>
    </ClInclude>
    <ClInclude Include="MemoryLeakChecker.h">
      <Filter>Util\MemoryLeakChecker</Filter>
    </ClInclude>
    <ClInclude Include="tinyxml2.h">
      <Filter>Util\XMLParser</Filter>
    </ClInclude>
    <ClInclude Include="Type.h">
      <Filter>Util</Filter>
    </ClInclude>
    <ClInclude Include="MemoryLowFragmentationHeap.h">
      <Filter>Util\MemoryLowFragmentationHeap</Filter>
    </ClInclude>
    <ClInclude Include="MiniDump.h">
      <Filter>Util\MiniDump</Filter>
    </ClInclude>
    <ClInclude Include="SMTPMail.h">
      <Filter>Util\SMTPMail</Filter>
    </ClInclude>
    <ClInclude Include="Well512Random.h">
      <Filter>Util\WallRandom</Filter>
    </ClInclude>
    <ClInclude Include="Lock.h">
      <Filter>Util\Lock</Filter>
    </ClInclude>
    <ClInclude Include="LockSafeScope.h">
      <Filter>Util\Lock</Filter>
    </ClInclude>
    <ClInclude Include="LockManager.h">
      <Filter>Util\Lock</Filter>
    </ClInclude>
    <ClInclude Include="csv_parser.hpp">
      <Filter>Util\CSVParser</Filter>
    </ClInclude>
    <ClInclude Include="ThreadManager.h">
      <Filter>SystemModule\System\ThreadPool</Filter>
    </ClInclude>
    <ClInclude Include="Thread.h">
      <Filter>SystemModule\System\ThreadPool</Filter>
    </ClInclude>
    <ClInclude Include="TaskNode.h">
      <Filter>SystemModule\System\Task</Filter>
    </ClInclude>
    <ClInclude Include="Task.h">
      <Filter>SystemModule\System\Task</Filter>
    </ClInclude>
    <ClInclude Include="GlobalValue.h">
      <Filter>Util</Filter>
    </ClInclude>
    <ClInclude Include="ThreadJobQueue.h">
      <Filter>SystemModule\System\Task</Filter>
    </ClInclude>
    <ClInclude Include="ContentsProcess.h">
      <Filter>SystemModule\System\Contents</Filter>
    </ClInclude>
    <ClInclude Include="Package.h">
      <Filter>SystemModule\NetworkSystem\Packet</Filter>
    </ClInclude>
    <ClInclude Include="TaskManager.h">
      <Filter>SystemModule\System\Task</Filter>
    </ClInclude>
    <ClInclude Include="SessionManager.h">
      <Filter>SystemModule\NetworkSystem\Session</Filter>
    </ClInclude>
    <ClInclude Include="ADODatabase.h">
      <Filter>SystemModule\Database</Filter>
    </ClInclude>
    <ClInclude Include="DBManager.h">
      <Filter>SystemModule\Database</Filter>
    </ClInclude>
    <ClInclude Include="Query.h">
      <Filter>SystemModule\Database\Query</Filter>
    </ClInclude>
    <ClInclude Include="QueryRecord.h">
      <Filter>SystemModule\Database\Query</Filter>
    </ClInclude>
    <ClInclude Include="QueryStatement.h">
      <Filter>SystemModule\Database\Query</Filter>
    </ClInclude>
  </ItemGroup>
  <ItemGroup>
    <ClCompile Include="stdafx.cpp">
      <Filter>소스 파일</Filter>
    </ClCompile>
    <ClCompile Include="PoolAllocator.cpp">
      <Filter>SystemModule\System\MemoryAllocator</Filter>
    </ClCompile>
    <ClCompile Include="MemoryManager.cpp">
      <Filter>SystemModule\System\MemoryAllocator</Filter>
    </ClCompile>
    <ClCompile Include="StackAllocator.cpp">
      <Filter>SystemModule\System\MemoryAllocator</Filter>
    </ClCompile>
    <ClCompile Include="LinearAllocator.cpp">
      <Filter>SystemModule\System\MemoryAllocator</Filter>
    </ClCompile>
    <ClCompile Include="FreeListAllocator.cpp">
      <Filter>SystemModule\System\MemoryAllocator</Filter>
    </ClCompile>
    <ClCompile Include="Logger.cpp">
      <Filter>SystemModule\LoggingSystem</Filter>
    </ClCompile>
    <ClCompile Include="WorkThread.cpp">
      <Filter>SystemModule\System\ThreadPool</Filter>
    </ClCompile>
    <ClCompile Include="ThreadPoolManager.cpp">
      <Filter>SystemModule\System\ThreadPool</Filter>
    </ClCompile>
    <ClCompile Include="Work.cpp">
      <Filter>SystemModule\System\ThreadPool</Filter>
    </ClCompile>
    <ClCompile Include="Timer.cpp">
      <Filter>SystemModule\TimerSystem</Filter>
    </ClCompile>
    <ClCompile Include="IOData.cpp">
      <Filter>SystemModule\NetworkSystem\IOCP</Filter>
    </ClCompile>
    <ClCompile Include="RecvStream.cpp">
      <Filter>SystemModule\NetworkSystem\Packet</Filter>
    </ClCompile>
    <ClCompile Include="SendStream.cpp">
      <Filter>SystemModule\NetworkSystem\Packet</Filter>
    </ClCompile>
    <ClCompile Include="Stream.cpp">
      <Filter>SystemModule\NetworkSystem\Packet</Filter>
    </ClCompile>
    <ClCompile Include="Session.cpp">
      <Filter>SystemModule\NetworkSystem\Session</Filter>
    </ClCompile>
    <ClCompile Include="Network.cpp">
      <Filter>SystemModule\NetworkSystem\IOCP</Filter>
    </ClCompile>
    <ClCompile Include="ServerNetwork.cpp">
      <Filter>SystemModule\NetworkSystem\IOCP</Filter>
    </ClCompile>
    <ClCompile Include="ClientSession.cpp">
      <Filter>SystemModule\NetworkSystem\Session</Filter>
    </ClCompile>
    <ClCompile Include="ClientSessionManager.cpp">
      <Filter>SystemModule\NetworkSystem\Session</Filter>
    </ClCompile>
    <ClCompile Include="ClientSessionParser.cpp">
      <Filter>SystemModule\NetworkSystem\Session\PakcetParser</Filter>
    </ClCompile>
    <ClCompile Include="Database.cpp">
      <Filter>SystemModule\Database</Filter>
    </ClCompile>
    <ClCompile Include="tinyxml2.cpp">
      <Filter>Util\XMLParser</Filter>
    </ClCompile>
    <ClCompile Include="MiniDump.cpp">
      <Filter>Util\MiniDump</Filter>
    </ClCompile>
    <ClCompile Include="Lock.cpp">
      <Filter>Util\Lock</Filter>
    </ClCompile>
    <ClCompile Include="LockSafeScope.cpp">
      <Filter>Util\Lock</Filter>
    </ClCompile>
    <ClCompile Include="LockManager.cpp">
      <Filter>Util\Lock</Filter>
    </ClCompile>
    <ClCompile Include="csv_parser.cpp">
      <Filter>Util\CSVParser</Filter>
    </ClCompile>
    <ClCompile Include="ThreadManager.cpp">
      <Filter>SystemModule\System\ThreadPool</Filter>
    </ClCompile>
    <ClCompile Include="Thread.cpp">
      <Filter>SystemModule\System\ThreadPool</Filter>
    </ClCompile>
    <ClCompile Include="TaskNode.cpp">
      <Filter>SystemModule\System\Task</Filter>
    </ClCompile>
    <ClCompile Include="Task.cpp">
      <Filter>SystemModule\System\Task</Filter>
    </ClCompile>
    <ClCompile Include="ContentsProcess.cpp">
      <Filter>SystemModule\System\Contents</Filter>
    </ClCompile>
    <ClCompile Include="Package.cpp">
      <Filter>SystemModule\NetworkSystem\Packet</Filter>
    </ClCompile>
    <ClCompile Include="TaskManager.cpp">
      <Filter>SystemModule\System\Task</Filter>
    </ClCompile>
    <ClCompile Include="SessionManager.cpp">
      <Filter>SystemModule\NetworkSystem\Session</Filter>
    </ClCompile>
    <ClCompile Include="ADODatabase.cpp">
      <Filter>SystemModule\Database</Filter>
    </ClCompile>
    <ClCompile Include="DBManager.cpp">
      <Filter>SystemModule\Database</Filter>
    </ClCompile>
    <ClCompile Include="Query.cpp">
      <Filter>SystemModule\Database\Query</Filter>
    </ClCompile>
    <ClCompile Include="QueryRecord.cpp">
      <Filter>SystemModule\Database\Query</Filter>
    </ClCompile>
    <ClCompile Include="QueryStatement.cpp">
      <Filter>SystemModule\Database\Query</Filter>
    </ClCompile>
  </ItemGroup>
</Project>