
Microsoft Visual Studio Solution File, Format Version 12.00
# Visual Studio 15
VisualStudioVersion = 15.0.27703.2035
MinimumVisualStudioVersion = 10.0.40219.1
Project("{8BC9CEB8-8B4A-11D0-8D11-00A0C91BC942}") = "ChattingClient", "ChattingClient\ChattingClient.vcxproj", "{0E966E9E-058C-4006-9568-8B91283D9B26}"
EndProject
Project("{8BC9CEB8-8B4A-11D0-8D11-00A0C91BC942}") = "ChattingServer", "ChattingServer\ChattingServer.vcxproj", "{08B19DC4-AC9F-442A-9EFB-98537DE9E373}"
EndProject
Global
	GlobalSection(SolutionConfigurationPlatforms) = preSolution
		Debug|x64 = Debug|x64
		Debug|x86 = Debug|x86
		Release|x64 = Release|x64
		Release|x86 = Release|x86
	EndGlobalSection
	GlobalSection(ProjectConfigurationPlatforms) = postSolution
		{0E966E9E-058C-4006-9568-8B91283D9B26}.Debug|x64.ActiveCfg = Debug|x64
		{0E966E9E-058C-4006-9568-8B91283D9B26}.Debug|x64.Build.0 = Debug|x64
		{0E966E9E-058C-4006-9568-8B91283D9B26}.Debug|x86.ActiveCfg = Debug|Win32
		{0E966E9E-058C-4006-9568-8B91283D9B26}.Debug|x86.Build.0 = Debug|Win32
		{0E966E9E-058C-4006-9568-8B91283D9B26}.Release|x64.ActiveCfg = Release|x64
		{0E966E9E-058C-4006-9568-8B91283D9B26}.Release|x64.Build.0 = Release|x64
		{0E966E9E-058C-4006-9568-8B91283D9B26}.Release|x86.ActiveCfg = Release|Win32
		{0E966E9E-058C-4006-9568-8B91283D9B26}.Release|x86.Build.0 = Release|Win32
		{08B19DC4-AC9F-442A-9EFB-98537DE9E373}.Debug|x64.ActiveCfg = Debug|x64
		{08B19DC4-AC9F-442A-9EFB-98537DE9E373}.Debug|x64.Build.0 = Debug|x64
		{08B19DC4-AC9F-442A-9EFB-98537DE9E373}.Debug|x86.ActiveCfg = Debug|Win32
		{08B19DC4-AC9F-442A-9EFB-98537DE9E373}.Debug|x86.Build.0 = Debug|Win32
		{08B19DC4-AC9F-442A-9EFB-98537DE9E373}.Release|x64.ActiveCfg = Release|x64
		{08B19DC4-AC9F-442A-9EFB-98537DE9E373}.Release|x64.Build.0 = Release|x64
		{08B19DC4-AC9F-442A-9EFB-98537DE9E373}.Release|x86.ActiveCfg = Release|Win32
		{08B19DC4-AC9F-442A-9EFB-98537DE9E373}.Release|x86.Build.0 = Release|Win32
	EndGlobalSection
	GlobalSection(SolutionProperties) = preSolution
		HideSolutionNode = FALSE
	EndGlobalSection
	GlobalSection(ExtensibilityGlobals) = postSolution
		SolutionGuid = {79E9218B-3157-40C9-A879-74AACA18B2E2}
	EndGlobalSection
EndGlobal
